// !$*UTF8*$!
{
	archiveVersion = 1;
	classes = {
	};
	objectVersion = 51;
	objects = {

/* Begin PBXBuildFile section */
		4EA5C3C526D99E1100626ADE /* HomePostTableViewCell.swift in Sources */ = {isa = PBXBuildFile; fileRef = 4EA5C3C326D99E1100626ADE /* HomePostTableViewCell.swift */; };
		4EA5C3C626D99E1100626ADE /* HomePostTableViewCell.xib in Resources */ = {isa = PBXBuildFile; fileRef = 4EA5C3C426D99E1100626ADE /* HomePostTableViewCell.xib */; };
		4EA5C3CE26DCB88F00626ADE /* GoogleService-Info.plist in Resources */ = {isa = PBXBuildFile; fileRef = 4EA5C3CD26DCB88E00626ADE /* GoogleService-Info.plist */; };
		4EA5C3D026E20C6800626ADE /* LocalValidationChecker.swift in Sources */ = {isa = PBXBuildFile; fileRef = 4EA5C3CF26E20C6800626ADE /* LocalValidationChecker.swift */; };
		4EA5C3D226EB124000626ADE /* ThemeColor.swift in Sources */ = {isa = PBXBuildFile; fileRef = 4EA5C3D126EB124000626ADE /* ThemeColor.swift */; };
		4EA5C3D526EB263300626ADE /* ThemeColorCollectionViewCell.swift in Sources */ = {isa = PBXBuildFile; fileRef = 4EA5C3D326EB263300626ADE /* ThemeColorCollectionViewCell.swift */; };
		4EA5C3D626EB263300626ADE /* ThemeColorCollectionViewCell.xib in Resources */ = {isa = PBXBuildFile; fileRef = 4EA5C3D426EB263300626ADE /* ThemeColorCollectionViewCell.xib */; };
		4EA5C3D826F242D600626ADE /* Owner.swift in Sources */ = {isa = PBXBuildFile; fileRef = 4EA5C3D726F242D600626ADE /* Owner.swift */; };
		755E9AC626D7931C00A17709 /* HomeContainerPosts.storyboard in Resources */ = {isa = PBXBuildFile; fileRef = 755E9AC526D7931C00A17709 /* HomeContainerPosts.storyboard */; };
		755E9AC826D7933C00A17709 /* HomeContainerPostsViewController.swift in Sources */ = {isa = PBXBuildFile; fileRef = 755E9AC726D7933C00A17709 /* HomeContainerPostsViewController.swift */; };
		755E9B1E26DB4F9F00A17709 /* SwitchingTableViewCell.swift in Sources */ = {isa = PBXBuildFile; fileRef = 755E9B1C26DB4F9F00A17709 /* SwitchingTableViewCell.swift */; };
		755E9B1F26DB4F9F00A17709 /* SwitchingTableViewCell.xib in Resources */ = {isa = PBXBuildFile; fileRef = 755E9B1D26DB4F9F00A17709 /* SwitchingTableViewCell.xib */; };
		755E9B2226DB527C00A17709 /* ItemTableViewCell.swift in Sources */ = {isa = PBXBuildFile; fileRef = 755E9B2026DB527C00A17709 /* ItemTableViewCell.swift */; };
		755E9B2326DB527C00A17709 /* ItemTableViewCell.xib in Resources */ = {isa = PBXBuildFile; fileRef = 755E9B2126DB527C00A17709 /* ItemTableViewCell.xib */; };
		75888FB926E8AE9800F1A545 /* OtherPetsCollectionViewCell.swift in Sources */ = {isa = PBXBuildFile; fileRef = 75888FB726E8AE9800F1A545 /* OtherPetsCollectionViewCell.swift */; };
		75888FBA26E8AE9800F1A545 /* OtherPetsCollectionViewCell.xib in Resources */ = {isa = PBXBuildFile; fileRef = 75888FB826E8AE9800F1A545 /* OtherPetsCollectionViewCell.xib */; };
		AB09946D26DA1CD800DFA7D8 /* PetConfigurationTableViewCell.swift in Sources */ = {isa = PBXBuildFile; fileRef = AB09946B26DA1CD800DFA7D8 /* PetConfigurationTableViewCell.swift */; };
		AB09946E26DA1CD800DFA7D8 /* PetConfigurationTableViewCell.xib in Resources */ = {isa = PBXBuildFile; fileRef = AB09946C26DA1CD800DFA7D8 /* PetConfigurationTableViewCell.xib */; };
		AB0C76B726EE102500BF5B64 /* ChangeFrameProtocol.swift in Sources */ = {isa = PBXBuildFile; fileRef = AB0C76B626EE102500BF5B64 /* ChangeFrameProtocol.swift */; };
		AB14B47226DBAD2B007A5F16 /* UIViewController+Extension.swift in Sources */ = {isa = PBXBuildFile; fileRef = AB14B47126DBAD2B007A5F16 /* UIViewController+Extension.swift */; };
		AB14B47526DBB4E5007A5F16 /* Top.storyboard in Resources */ = {isa = PBXBuildFile; fileRef = AB14B47426DBB4E5007A5F16 /* Top.storyboard */; };
		AB14B47726DBC08A007A5F16 /* TopTabBarController.swift in Sources */ = {isa = PBXBuildFile; fileRef = AB14B47626DBC08A007A5F16 /* TopTabBarController.swift */; };
		AB14B47926DBC59D007A5F16 /* NotificationName+Extension.swift in Sources */ = {isa = PBXBuildFile; fileRef = AB14B47826DBC59D007A5F16 /* NotificationName+Extension.swift */; };
		AB14B47B26DBDAEB007A5F16 /* UserUtil.swift in Sources */ = {isa = PBXBuildFile; fileRef = AB14B47A26DBDAEB007A5F16 /* UserUtil.swift */; };
		AB4397F726DDEA56008C8CA8 /* Indicator.swift in Sources */ = {isa = PBXBuildFile; fileRef = AB4397F626DDEA56008C8CA8 /* Indicator.swift */; };
		AB4397F926DDF46B008C8CA8 /* HUDIndicator.swift in Sources */ = {isa = PBXBuildFile; fileRef = AB4397F826DDF46B008C8CA8 /* HUDIndicator.swift */; };
		AB86A7E726D3D76800EA990A /* AppDelegate.swift in Sources */ = {isa = PBXBuildFile; fileRef = AB86A7E626D3D76800EA990A /* AppDelegate.swift */; };
		AB86A7E926D3D76800EA990A /* SceneDelegate.swift in Sources */ = {isa = PBXBuildFile; fileRef = AB86A7E826D3D76800EA990A /* SceneDelegate.swift */; };
		AB86A7F026D3D76900EA990A /* Assets.xcassets in Resources */ = {isa = PBXBuildFile; fileRef = AB86A7EF26D3D76900EA990A /* Assets.xcassets */; };
		AB86A7F326D3D76900EA990A /* LaunchScreen.storyboard in Resources */ = {isa = PBXBuildFile; fileRef = AB86A7F126D3D76900EA990A /* LaunchScreen.storyboard */; };
		AB86A7FE26D3DE3000EA990A /* LoginOrSignUp.storyboard in Resources */ = {isa = PBXBuildFile; fileRef = AB86A7FD26D3DE3000EA990A /* LoginOrSignUp.storyboard */; };
		AB86A80126D3DE6A00EA990A /* Login.storyboard in Resources */ = {isa = PBXBuildFile; fileRef = AB86A80026D3DE6A00EA990A /* Login.storyboard */; };
		AB86A80326D3DE8100EA990A /* PasswordForgot.storyboard in Resources */ = {isa = PBXBuildFile; fileRef = AB86A80226D3DE8100EA990A /* PasswordForgot.storyboard */; };
		AB86A80526D3DE9000EA990A /* SignUp.storyboard in Resources */ = {isa = PBXBuildFile; fileRef = AB86A80426D3DE9000EA990A /* SignUp.storyboard */; };
		AB86A80726D3DE9900EA990A /* PostDetail.storyboard in Resources */ = {isa = PBXBuildFile; fileRef = AB86A80626D3DE9900EA990A /* PostDetail.storyboard */; };
		AB86A80926D3DEA600EA990A /* NotificationList.storyboard in Resources */ = {isa = PBXBuildFile; fileRef = AB86A80826D3DEA600EA990A /* NotificationList.storyboard */; };
		AB86A80B26D3DEB100EA990A /* AllNotificationList.storyboard in Resources */ = {isa = PBXBuildFile; fileRef = AB86A80A26D3DEB100EA990A /* AllNotificationList.storyboard */; };
		AB86A80D26D3DEB900EA990A /* ChoosableCameraOrLibrary.storyboard in Resources */ = {isa = PBXBuildFile; fileRef = AB86A80C26D3DEB900EA990A /* ChoosableCameraOrLibrary.storyboard */; };
		AB86A80F26D3DEC600EA990A /* Camera.storyboard in Resources */ = {isa = PBXBuildFile; fileRef = AB86A80E26D3DEC600EA990A /* Camera.storyboard */; };
		AB86A81126D3DECF00EA990A /* EditingPost.storyboard in Resources */ = {isa = PBXBuildFile; fileRef = AB86A81026D3DECF00EA990A /* EditingPost.storyboard */; };
		AB86A81326D3DED800EA990A /* Profile.storyboard in Resources */ = {isa = PBXBuildFile; fileRef = AB86A81226D3DED800EA990A /* Profile.storyboard */; };
		AB86A81526D3DEDF00EA990A /* FollowOrFollowerList.storyboard in Resources */ = {isa = PBXBuildFile; fileRef = AB86A81426D3DEDF00EA990A /* FollowOrFollowerList.storyboard */; };
		AB86A81726D3DEE900EA990A /* AdditionalOrEditPetProfile.storyboard in Resources */ = {isa = PBXBuildFile; fileRef = AB86A81626D3DEE900EA990A /* AdditionalOrEditPetProfile.storyboard */; };
		AB86A81B26D3DEFF00EA990A /* Setting.storyboard in Resources */ = {isa = PBXBuildFile; fileRef = AB86A81A26D3DEFF00EA990A /* Setting.storyboard */; };
		AB86A81D26D3DF0A00EA990A /* ThemeColor.storyboard in Resources */ = {isa = PBXBuildFile; fileRef = AB86A81C26D3DF0A00EA990A /* ThemeColor.storyboard */; };
		AB86A81F26D3DF1900EA990A /* PrivacyAndSecurity.storyboard in Resources */ = {isa = PBXBuildFile; fileRef = AB86A81E26D3DF1900EA990A /* PrivacyAndSecurity.storyboard */; };
		AB86A82326D3DF7600EA990A /* Home.storyboard in Resources */ = {isa = PBXBuildFile; fileRef = AB86A82226D3DF7600EA990A /* Home.storyboard */; };
		AB86A82826D3E0E700EA990A /* LoginOrSignUpViewController.swift in Sources */ = {isa = PBXBuildFile; fileRef = AB86A82726D3E0E700EA990A /* LoginOrSignUpViewController.swift */; };
		AB86A82F26D3E14A00EA990A /* LoginViewController.swift in Sources */ = {isa = PBXBuildFile; fileRef = AB86A82E26D3E14A00EA990A /* LoginViewController.swift */; };
		AB86A83126D3E15F00EA990A /* PasswordForgotViewController.swift in Sources */ = {isa = PBXBuildFile; fileRef = AB86A83026D3E15F00EA990A /* PasswordForgotViewController.swift */; };
		AB86A83326D3E16B00EA990A /* SignUpViewController.swift in Sources */ = {isa = PBXBuildFile; fileRef = AB86A83226D3E16B00EA990A /* SignUpViewController.swift */; };
		AB86A83526D3E19300EA990A /* HomeViewController.swift in Sources */ = {isa = PBXBuildFile; fileRef = AB86A83426D3E19300EA990A /* HomeViewController.swift */; };
		AB86A83726D3E28600EA990A /* PostDetailViewController.swift in Sources */ = {isa = PBXBuildFile; fileRef = AB86A83626D3E28600EA990A /* PostDetailViewController.swift */; };
		AB86A83926D3E29700EA990A /* NotificationListViewController.swift in Sources */ = {isa = PBXBuildFile; fileRef = AB86A83826D3E29700EA990A /* NotificationListViewController.swift */; };
		AB86A83B26D3E32100EA990A /* AllNotificationListViewController.swift in Sources */ = {isa = PBXBuildFile; fileRef = AB86A83A26D3E32100EA990A /* AllNotificationListViewController.swift */; };
		AB86A83D26D3E33800EA990A /* ChoosableCameraOrLibraryViewController.swift in Sources */ = {isa = PBXBuildFile; fileRef = AB86A83C26D3E33800EA990A /* ChoosableCameraOrLibraryViewController.swift */; };
		AB86A83F26D3E34A00EA990A /* CameraViewController.swift in Sources */ = {isa = PBXBuildFile; fileRef = AB86A83E26D3E34A00EA990A /* CameraViewController.swift */; };
		AB86A84126D3E35100EA990A /* LibraryViewController.swift in Sources */ = {isa = PBXBuildFile; fileRef = AB86A84026D3E35100EA990A /* LibraryViewController.swift */; };
		AB86A84326D3E35B00EA990A /* EditingPostViewController.swift in Sources */ = {isa = PBXBuildFile; fileRef = AB86A84226D3E35B00EA990A /* EditingPostViewController.swift */; };
		AB86A84526D3E36700EA990A /* ProfileViewController.swift in Sources */ = {isa = PBXBuildFile; fileRef = AB86A84426D3E36700EA990A /* ProfileViewController.swift */; };
		AB86A84726D3E37100EA990A /* FollowOrFollowerListViewController.swift in Sources */ = {isa = PBXBuildFile; fileRef = AB86A84626D3E37100EA990A /* FollowOrFollowerListViewController.swift */; };
		AB86A84926D3E37B00EA990A /* AdditionalOrEditPetProfileViewController.swift in Sources */ = {isa = PBXBuildFile; fileRef = AB86A84826D3E37B00EA990A /* AdditionalOrEditPetProfileViewController.swift */; };
		AB86A84D26D3E39400EA990A /* SettingViewController.swift in Sources */ = {isa = PBXBuildFile; fileRef = AB86A84C26D3E39400EA990A /* SettingViewController.swift */; };
		AB86A84F26D3E39B00EA990A /* ThemeColorViewController.swift in Sources */ = {isa = PBXBuildFile; fileRef = AB86A84E26D3E39B00EA990A /* ThemeColorViewController.swift */; };
		AB86A85126D3E3A500EA990A /* PrivacyAndSecurityViewController.swift in Sources */ = {isa = PBXBuildFile; fileRef = AB86A85026D3E3A500EA990A /* PrivacyAndSecurityViewController.swift */; };
		C7AA33C809174A7A649EAD2D /* Pods_PetSNS.framework in Frameworks */ = {isa = PBXBuildFile; fileRef = B9CFC73EDFE618C15173E6D8 /* Pods_PetSNS.framework */; };
/* End PBXBuildFile section */

/* Begin PBXFileReference section */
		4565DEEFE3CE56F67196FA0D /* Pods-PetSNS.debug.xcconfig */ = {isa = PBXFileReference; includeInIndex = 1; lastKnownFileType = text.xcconfig; name = "Pods-PetSNS.debug.xcconfig"; path = "Target Support Files/Pods-PetSNS/Pods-PetSNS.debug.xcconfig"; sourceTree = "<group>"; };
		4EA5C3C326D99E1100626ADE /* HomePostTableViewCell.swift */ = {isa = PBXFileReference; lastKnownFileType = sourcecode.swift; path = HomePostTableViewCell.swift; sourceTree = "<group>"; };
		4EA5C3C426D99E1100626ADE /* HomePostTableViewCell.xib */ = {isa = PBXFileReference; lastKnownFileType = file.xib; path = HomePostTableViewCell.xib; sourceTree = "<group>"; };
		4EA5C3CD26DCB88E00626ADE /* GoogleService-Info.plist */ = {isa = PBXFileReference; fileEncoding = 4; lastKnownFileType = text.plist.xml; path = "GoogleService-Info.plist"; sourceTree = "<group>"; };
		4EA5C3CF26E20C6800626ADE /* LocalValidationChecker.swift */ = {isa = PBXFileReference; lastKnownFileType = sourcecode.swift; path = LocalValidationChecker.swift; sourceTree = "<group>"; };
		4EA5C3D126EB124000626ADE /* ThemeColor.swift */ = {isa = PBXFileReference; lastKnownFileType = sourcecode.swift; path = ThemeColor.swift; sourceTree = "<group>"; };
		4EA5C3D326EB263300626ADE /* ThemeColorCollectionViewCell.swift */ = {isa = PBXFileReference; lastKnownFileType = sourcecode.swift; path = ThemeColorCollectionViewCell.swift; sourceTree = "<group>"; };
		4EA5C3D426EB263300626ADE /* ThemeColorCollectionViewCell.xib */ = {isa = PBXFileReference; lastKnownFileType = file.xib; path = ThemeColorCollectionViewCell.xib; sourceTree = "<group>"; };
		4EA5C3D726F242D600626ADE /* Owner.swift */ = {isa = PBXFileReference; lastKnownFileType = sourcecode.swift; path = Owner.swift; sourceTree = "<group>"; };
		755E9AC526D7931C00A17709 /* HomeContainerPosts.storyboard */ = {isa = PBXFileReference; lastKnownFileType = file.storyboard; path = HomeContainerPosts.storyboard; sourceTree = "<group>"; };
		755E9AC726D7933C00A17709 /* HomeContainerPostsViewController.swift */ = {isa = PBXFileReference; lastKnownFileType = sourcecode.swift; path = HomeContainerPostsViewController.swift; sourceTree = "<group>"; };
		755E9B1C26DB4F9F00A17709 /* SwitchingTableViewCell.swift */ = {isa = PBXFileReference; fileEncoding = 4; lastKnownFileType = sourcecode.swift; path = SwitchingTableViewCell.swift; sourceTree = "<group>"; };
		755E9B1D26DB4F9F00A17709 /* SwitchingTableViewCell.xib */ = {isa = PBXFileReference; fileEncoding = 4; lastKnownFileType = file.xib; path = SwitchingTableViewCell.xib; sourceTree = "<group>"; };
		755E9B2026DB527C00A17709 /* ItemTableViewCell.swift */ = {isa = PBXFileReference; lastKnownFileType = sourcecode.swift; path = ItemTableViewCell.swift; sourceTree = "<group>"; };
		755E9B2126DB527C00A17709 /* ItemTableViewCell.xib */ = {isa = PBXFileReference; lastKnownFileType = file.xib; path = ItemTableViewCell.xib; sourceTree = "<group>"; };
		75888FB726E8AE9800F1A545 /* OtherPetsCollectionViewCell.swift */ = {isa = PBXFileReference; lastKnownFileType = sourcecode.swift; path = OtherPetsCollectionViewCell.swift; sourceTree = "<group>"; };
		75888FB826E8AE9800F1A545 /* OtherPetsCollectionViewCell.xib */ = {isa = PBXFileReference; lastKnownFileType = file.xib; path = OtherPetsCollectionViewCell.xib; sourceTree = "<group>"; };
		8462CE25D20020CDE15C0FC5 /* Pods-PetSNS.release.xcconfig */ = {isa = PBXFileReference; includeInIndex = 1; lastKnownFileType = text.xcconfig; name = "Pods-PetSNS.release.xcconfig"; path = "Target Support Files/Pods-PetSNS/Pods-PetSNS.release.xcconfig"; sourceTree = "<group>"; };
		AB09946B26DA1CD800DFA7D8 /* PetConfigurationTableViewCell.swift */ = {isa = PBXFileReference; lastKnownFileType = sourcecode.swift; path = PetConfigurationTableViewCell.swift; sourceTree = "<group>"; };
		AB09946C26DA1CD800DFA7D8 /* PetConfigurationTableViewCell.xib */ = {isa = PBXFileReference; lastKnownFileType = file.xib; path = PetConfigurationTableViewCell.xib; sourceTree = "<group>"; };
		AB0C76B626EE102500BF5B64 /* ChangeFrameProtocol.swift */ = {isa = PBXFileReference; lastKnownFileType = sourcecode.swift; path = ChangeFrameProtocol.swift; sourceTree = "<group>"; };
		AB14B47126DBAD2B007A5F16 /* UIViewController+Extension.swift */ = {isa = PBXFileReference; lastKnownFileType = sourcecode.swift; path = "UIViewController+Extension.swift"; sourceTree = "<group>"; };
		AB14B47426DBB4E5007A5F16 /* Top.storyboard */ = {isa = PBXFileReference; lastKnownFileType = file.storyboard; path = Top.storyboard; sourceTree = "<group>"; };
		AB14B47626DBC08A007A5F16 /* TopTabBarController.swift */ = {isa = PBXFileReference; lastKnownFileType = sourcecode.swift; path = TopTabBarController.swift; sourceTree = "<group>"; };
		AB14B47826DBC59D007A5F16 /* NotificationName+Extension.swift */ = {isa = PBXFileReference; lastKnownFileType = sourcecode.swift; path = "NotificationName+Extension.swift"; sourceTree = "<group>"; };
		AB14B47A26DBDAEB007A5F16 /* UserUtil.swift */ = {isa = PBXFileReference; lastKnownFileType = sourcecode.swift; path = UserUtil.swift; sourceTree = "<group>"; };
		AB4397F626DDEA56008C8CA8 /* Indicator.swift */ = {isa = PBXFileReference; lastKnownFileType = sourcecode.swift; path = Indicator.swift; sourceTree = "<group>"; };
		AB4397F826DDF46B008C8CA8 /* HUDIndicator.swift */ = {isa = PBXFileReference; lastKnownFileType = sourcecode.swift; path = HUDIndicator.swift; sourceTree = "<group>"; };
		AB86A7E326D3D76800EA990A /* PetSNS.app */ = {isa = PBXFileReference; explicitFileType = wrapper.application; includeInIndex = 0; path = PetSNS.app; sourceTree = BUILT_PRODUCTS_DIR; };
		AB86A7E626D3D76800EA990A /* AppDelegate.swift */ = {isa = PBXFileReference; lastKnownFileType = sourcecode.swift; path = AppDelegate.swift; sourceTree = "<group>"; };
		AB86A7E826D3D76800EA990A /* SceneDelegate.swift */ = {isa = PBXFileReference; lastKnownFileType = sourcecode.swift; path = SceneDelegate.swift; sourceTree = "<group>"; };
		AB86A7EF26D3D76900EA990A /* Assets.xcassets */ = {isa = PBXFileReference; lastKnownFileType = folder.assetcatalog; path = Assets.xcassets; sourceTree = "<group>"; };
		AB86A7F226D3D76900EA990A /* Base */ = {isa = PBXFileReference; lastKnownFileType = file.storyboard; name = Base; path = Base.lproj/LaunchScreen.storyboard; sourceTree = "<group>"; };
		AB86A7F426D3D76900EA990A /* Info.plist */ = {isa = PBXFileReference; lastKnownFileType = text.plist.xml; path = Info.plist; sourceTree = "<group>"; };
		AB86A7FD26D3DE3000EA990A /* LoginOrSignUp.storyboard */ = {isa = PBXFileReference; lastKnownFileType = file.storyboard; path = LoginOrSignUp.storyboard; sourceTree = "<group>"; };
		AB86A80026D3DE6A00EA990A /* Login.storyboard */ = {isa = PBXFileReference; lastKnownFileType = file.storyboard; path = Login.storyboard; sourceTree = "<group>"; };
		AB86A80226D3DE8100EA990A /* PasswordForgot.storyboard */ = {isa = PBXFileReference; lastKnownFileType = file.storyboard; path = PasswordForgot.storyboard; sourceTree = "<group>"; };
		AB86A80426D3DE9000EA990A /* SignUp.storyboard */ = {isa = PBXFileReference; lastKnownFileType = file.storyboard; path = SignUp.storyboard; sourceTree = "<group>"; };
		AB86A80626D3DE9900EA990A /* PostDetail.storyboard */ = {isa = PBXFileReference; lastKnownFileType = file.storyboard; path = PostDetail.storyboard; sourceTree = "<group>"; };
		AB86A80826D3DEA600EA990A /* NotificationList.storyboard */ = {isa = PBXFileReference; lastKnownFileType = file.storyboard; path = NotificationList.storyboard; sourceTree = "<group>"; };
		AB86A80A26D3DEB100EA990A /* AllNotificationList.storyboard */ = {isa = PBXFileReference; lastKnownFileType = file.storyboard; path = AllNotificationList.storyboard; sourceTree = "<group>"; };
		AB86A80C26D3DEB900EA990A /* ChoosableCameraOrLibrary.storyboard */ = {isa = PBXFileReference; lastKnownFileType = file.storyboard; path = ChoosableCameraOrLibrary.storyboard; sourceTree = "<group>"; };
		AB86A80E26D3DEC600EA990A /* Camera.storyboard */ = {isa = PBXFileReference; lastKnownFileType = file.storyboard; path = Camera.storyboard; sourceTree = "<group>"; };
		AB86A81026D3DECF00EA990A /* EditingPost.storyboard */ = {isa = PBXFileReference; lastKnownFileType = file.storyboard; path = EditingPost.storyboard; sourceTree = "<group>"; };
		AB86A81226D3DED800EA990A /* Profile.storyboard */ = {isa = PBXFileReference; lastKnownFileType = file.storyboard; path = Profile.storyboard; sourceTree = "<group>"; };
		AB86A81426D3DEDF00EA990A /* FollowOrFollowerList.storyboard */ = {isa = PBXFileReference; lastKnownFileType = file.storyboard; path = FollowOrFollowerList.storyboard; sourceTree = "<group>"; };
		AB86A81626D3DEE900EA990A /* AdditionalOrEditPetProfile.storyboard */ = {isa = PBXFileReference; lastKnownFileType = file.storyboard; path = AdditionalOrEditPetProfile.storyboard; sourceTree = "<group>"; };
		AB86A81A26D3DEFF00EA990A /* Setting.storyboard */ = {isa = PBXFileReference; lastKnownFileType = file.storyboard; path = Setting.storyboard; sourceTree = "<group>"; };
		AB86A81C26D3DF0A00EA990A /* ThemeColor.storyboard */ = {isa = PBXFileReference; lastKnownFileType = file.storyboard; path = ThemeColor.storyboard; sourceTree = "<group>"; };
		AB86A81E26D3DF1900EA990A /* PrivacyAndSecurity.storyboard */ = {isa = PBXFileReference; lastKnownFileType = file.storyboard; path = PrivacyAndSecurity.storyboard; sourceTree = "<group>"; };
		AB86A82226D3DF7600EA990A /* Home.storyboard */ = {isa = PBXFileReference; lastKnownFileType = file.storyboard; path = Home.storyboard; sourceTree = "<group>"; };
		AB86A82726D3E0E700EA990A /* LoginOrSignUpViewController.swift */ = {isa = PBXFileReference; lastKnownFileType = sourcecode.swift; path = LoginOrSignUpViewController.swift; sourceTree = "<group>"; };
		AB86A82E26D3E14A00EA990A /* LoginViewController.swift */ = {isa = PBXFileReference; lastKnownFileType = sourcecode.swift; path = LoginViewController.swift; sourceTree = "<group>"; };
		AB86A83026D3E15F00EA990A /* PasswordForgotViewController.swift */ = {isa = PBXFileReference; lastKnownFileType = sourcecode.swift; path = PasswordForgotViewController.swift; sourceTree = "<group>"; };
		AB86A83226D3E16B00EA990A /* SignUpViewController.swift */ = {isa = PBXFileReference; lastKnownFileType = sourcecode.swift; path = SignUpViewController.swift; sourceTree = "<group>"; };
		AB86A83426D3E19300EA990A /* HomeViewController.swift */ = {isa = PBXFileReference; lastKnownFileType = sourcecode.swift; path = HomeViewController.swift; sourceTree = "<group>"; };
		AB86A83626D3E28600EA990A /* PostDetailViewController.swift */ = {isa = PBXFileReference; lastKnownFileType = sourcecode.swift; path = PostDetailViewController.swift; sourceTree = "<group>"; };
		AB86A83826D3E29700EA990A /* NotificationListViewController.swift */ = {isa = PBXFileReference; lastKnownFileType = sourcecode.swift; path = NotificationListViewController.swift; sourceTree = "<group>"; };
		AB86A83A26D3E32100EA990A /* AllNotificationListViewController.swift */ = {isa = PBXFileReference; lastKnownFileType = sourcecode.swift; path = AllNotificationListViewController.swift; sourceTree = "<group>"; };
		AB86A83C26D3E33800EA990A /* ChoosableCameraOrLibraryViewController.swift */ = {isa = PBXFileReference; lastKnownFileType = sourcecode.swift; path = ChoosableCameraOrLibraryViewController.swift; sourceTree = "<group>"; };
		AB86A83E26D3E34A00EA990A /* CameraViewController.swift */ = {isa = PBXFileReference; lastKnownFileType = sourcecode.swift; path = CameraViewController.swift; sourceTree = "<group>"; };
		AB86A84026D3E35100EA990A /* LibraryViewController.swift */ = {isa = PBXFileReference; lastKnownFileType = sourcecode.swift; path = LibraryViewController.swift; sourceTree = "<group>"; };
		AB86A84226D3E35B00EA990A /* EditingPostViewController.swift */ = {isa = PBXFileReference; lastKnownFileType = sourcecode.swift; path = EditingPostViewController.swift; sourceTree = "<group>"; };
		AB86A84426D3E36700EA990A /* ProfileViewController.swift */ = {isa = PBXFileReference; lastKnownFileType = sourcecode.swift; path = ProfileViewController.swift; sourceTree = "<group>"; };
		AB86A84626D3E37100EA990A /* FollowOrFollowerListViewController.swift */ = {isa = PBXFileReference; lastKnownFileType = sourcecode.swift; path = FollowOrFollowerListViewController.swift; sourceTree = "<group>"; };
		AB86A84826D3E37B00EA990A /* AdditionalOrEditPetProfileViewController.swift */ = {isa = PBXFileReference; lastKnownFileType = sourcecode.swift; path = AdditionalOrEditPetProfileViewController.swift; sourceTree = "<group>"; };
		AB86A84C26D3E39400EA990A /* SettingViewController.swift */ = {isa = PBXFileReference; lastKnownFileType = sourcecode.swift; path = SettingViewController.swift; sourceTree = "<group>"; };
		AB86A84E26D3E39B00EA990A /* ThemeColorViewController.swift */ = {isa = PBXFileReference; lastKnownFileType = sourcecode.swift; path = ThemeColorViewController.swift; sourceTree = "<group>"; };
		AB86A85026D3E3A500EA990A /* PrivacyAndSecurityViewController.swift */ = {isa = PBXFileReference; lastKnownFileType = sourcecode.swift; path = PrivacyAndSecurityViewController.swift; sourceTree = "<group>"; };
		B9CFC73EDFE618C15173E6D8 /* Pods_PetSNS.framework */ = {isa = PBXFileReference; explicitFileType = wrapper.framework; includeInIndex = 0; path = Pods_PetSNS.framework; sourceTree = BUILT_PRODUCTS_DIR; };
/* End PBXFileReference section */

/* Begin PBXFrameworksBuildPhase section */
		AB86A7E026D3D76800EA990A /* Frameworks */ = {
			isa = PBXFrameworksBuildPhase;
			buildActionMask = 2147483647;
			files = (
				C7AA33C809174A7A649EAD2D /* Pods_PetSNS.framework in Frameworks */,
			);
			runOnlyForDeploymentPostprocessing = 0;
		};
/* End PBXFrameworksBuildPhase section */

/* Begin PBXGroup section */
		374D8824DCF0F26162A8AF75 /* Pods */ = {
			isa = PBXGroup;
			children = (
				4565DEEFE3CE56F67196FA0D /* Pods-PetSNS.debug.xcconfig */,
				8462CE25D20020CDE15C0FC5 /* Pods-PetSNS.release.xcconfig */,
			);
			path = Pods;
			sourceTree = "<group>";
		};
		4EA5C3C726D9F85300626ADE /* Xibs */ = {
			isa = PBXGroup;
			children = (
				4EA5C3C826D9F91800626ADE /* Home */,
				AB09946A26DA1CC900DFA7D8 /* Profile */,
				755E9B1B26DB4F9F00A17709 /* Setting */,
			);
			path = Xibs;
			sourceTree = "<group>";
		};
		4EA5C3C826D9F91800626ADE /* Home */ = {
			isa = PBXGroup;
			children = (
				4EA5C3C426D99E1100626ADE /* HomePostTableViewCell.xib */,
				4EA5C3C326D99E1100626ADE /* HomePostTableViewCell.swift */,
			);
			path = Home;
			sourceTree = "<group>";
		};
		4EA5C3DB26F2439B00626ADE /* User */ = {
			isa = PBXGroup;
			children = (
				4EA5C3D726F242D600626ADE /* Owner.swift */,
			);
			path = User;
			sourceTree = "<group>";
		};
		755E9B1B26DB4F9F00A17709 /* Setting */ = {
			isa = PBXGroup;
			children = (
				755E9B1C26DB4F9F00A17709 /* SwitchingTableViewCell.swift */,
				755E9B1D26DB4F9F00A17709 /* SwitchingTableViewCell.xib */,
				755E9B2026DB527C00A17709 /* ItemTableViewCell.swift */,
				755E9B2126DB527C00A17709 /* ItemTableViewCell.xib */,
				4EA5C3D326EB263300626ADE /* ThemeColorCollectionViewCell.swift */,
				4EA5C3D426EB263300626ADE /* ThemeColorCollectionViewCell.xib */,
			);
			path = Setting;
			sourceTree = "<group>";
		};
		AB09946A26DA1CC900DFA7D8 /* Profile */ = {
			isa = PBXGroup;
			children = (
				AB09946C26DA1CD800DFA7D8 /* PetConfigurationTableViewCell.xib */,
				AB09946B26DA1CD800DFA7D8 /* PetConfigurationTableViewCell.swift */,
				75888FB726E8AE9800F1A545 /* OtherPetsCollectionViewCell.swift */,
				75888FB826E8AE9800F1A545 /* OtherPetsCollectionViewCell.xib */,
			);
			path = Profile;
			sourceTree = "<group>";
		};
		AB0C76B926EE104A00BF5B64 /* Protocols */ = {
			isa = PBXGroup;
			children = (
				AB0C76B626EE102500BF5B64 /* ChangeFrameProtocol.swift */,
			);
			path = Protocols;
			sourceTree = "<group>";
		};
		AB14B47326DBAD35007A5F16 /* Extensions */ = {
			isa = PBXGroup;
			children = (
				AB14B47126DBAD2B007A5F16 /* UIViewController+Extension.swift */,
				AB14B47826DBC59D007A5F16 /* NotificationName+Extension.swift */,
			);
			path = Extensions;
			sourceTree = "<group>";
		};
		AB86A7DA26D3D76800EA990A = {
			isa = PBXGroup;
			children = (
				AB86A7E526D3D76800EA990A /* PetSNS */,
				AB86A7E426D3D76800EA990A /* Products */,
				374D8824DCF0F26162A8AF75 /* Pods */,
				FAD472AEDEFF089FCEBABF54 /* Frameworks */,
			);
			sourceTree = "<group>";
		};
		AB86A7E426D3D76800EA990A /* Products */ = {
			isa = PBXGroup;
			children = (
				AB86A7E326D3D76800EA990A /* PetSNS.app */,
			);
			name = Products;
			sourceTree = "<group>";
		};
		AB86A7E526D3D76800EA990A /* PetSNS */ = {
			isa = PBXGroup;
			children = (
				AB0C76B926EE104A00BF5B64 /* Protocols */,
				AB86A7FC26D3DDF000EA990A /* Models */,
				AB86A7FB26D3DDED00EA990A /* Views */,
				AB86A7FA26D3DDE200EA990A /* Controllers */,
				AB14B47326DBAD35007A5F16 /* Extensions */,
				AB86A7E626D3D76800EA990A /* AppDelegate.swift */,
				AB86A7E826D3D76800EA990A /* SceneDelegate.swift */,
				AB86A7EF26D3D76900EA990A /* Assets.xcassets */,
				AB86A7F426D3D76900EA990A /* Info.plist */,
				4EA5C3CD26DCB88E00626ADE /* GoogleService-Info.plist */,
			);
			path = PetSNS;
			sourceTree = "<group>";
		};
		AB86A7FA26D3DDE200EA990A /* Controllers */ = {
			isa = PBXGroup;
			children = (
				AB14B47626DBC08A007A5F16 /* TopTabBarController.swift */,
				AB86A82D26D3E12100EA990A /* Login */,
				AB86A82C26D3E11700EA990A /* Home */,
				AB86A82B26D3E10F00EA990A /* Camera */,
				AB86A82A26D3E0FE00EA990A /* Profile */,
				AB86A82926D3E0F700EA990A /* Setting */,
			);
			path = Controllers;
			sourceTree = "<group>";
		};
		AB86A7FB26D3DDED00EA990A /* Views */ = {
			isa = PBXGroup;
			children = (
				AB86A7FF26D3DE3500EA990A /* Storyboards */,
				4EA5C3C726D9F85300626ADE /* Xibs */,
			);
			path = Views;
			sourceTree = "<group>";
		};
		AB86A7FC26D3DDF000EA990A /* Models */ = {
			isa = PBXGroup;
			children = (
				4EA5C3DB26F2439B00626ADE /* User */,
				AB14B47A26DBDAEB007A5F16 /* UserUtil.swift */,
				AB4397F626DDEA56008C8CA8 /* Indicator.swift */,
				AB4397F826DDF46B008C8CA8 /* HUDIndicator.swift */,
				4EA5C3CF26E20C6800626ADE /* LocalValidationChecker.swift */,
				4EA5C3D126EB124000626ADE /* ThemeColor.swift */,
			);
			path = Models;
			sourceTree = "<group>";
		};
		AB86A7FF26D3DE3500EA990A /* Storyboards */ = {
			isa = PBXGroup;
			children = (
				AB86A7F126D3D76900EA990A /* LaunchScreen.storyboard */,
				AB14B47426DBB4E5007A5F16 /* Top.storyboard */,
				AB86A82026D3DF3C00EA990A /* Login */,
				AB86A82126D3DF5100EA990A /* Home */,
				AB86A82426D3DF8100EA990A /* Camera */,
				AB86A82526D3DF9C00EA990A /* Profile */,
				AB86A82626D3DFA900EA990A /* Setting */,
			);
			path = Storyboards;
			sourceTree = "<group>";
		};
		AB86A82026D3DF3C00EA990A /* Login */ = {
			isa = PBXGroup;
			children = (
				AB86A7FD26D3DE3000EA990A /* LoginOrSignUp.storyboard */,
				AB86A80026D3DE6A00EA990A /* Login.storyboard */,
				AB86A80226D3DE8100EA990A /* PasswordForgot.storyboard */,
				AB86A80426D3DE9000EA990A /* SignUp.storyboard */,
			);
			path = Login;
			sourceTree = "<group>";
		};
		AB86A82126D3DF5100EA990A /* Home */ = {
			isa = PBXGroup;
			children = (
				AB86A82226D3DF7600EA990A /* Home.storyboard */,
				755E9AC526D7931C00A17709 /* HomeContainerPosts.storyboard */,
				AB86A80626D3DE9900EA990A /* PostDetail.storyboard */,
				AB86A80826D3DEA600EA990A /* NotificationList.storyboard */,
				AB86A80A26D3DEB100EA990A /* AllNotificationList.storyboard */,
			);
			path = Home;
			sourceTree = "<group>";
		};
		AB86A82426D3DF8100EA990A /* Camera */ = {
			isa = PBXGroup;
			children = (
				AB86A80E26D3DEC600EA990A /* Camera.storyboard */,
				AB86A80C26D3DEB900EA990A /* ChoosableCameraOrLibrary.storyboard */,
				AB86A81026D3DECF00EA990A /* EditingPost.storyboard */,
			);
			path = Camera;
			sourceTree = "<group>";
		};
		AB86A82526D3DF9C00EA990A /* Profile */ = {
			isa = PBXGroup;
			children = (
				AB86A81226D3DED800EA990A /* Profile.storyboard */,
				AB86A81426D3DEDF00EA990A /* FollowOrFollowerList.storyboard */,
				AB86A81626D3DEE900EA990A /* AdditionalOrEditPetProfile.storyboard */,
			);
			path = Profile;
			sourceTree = "<group>";
		};
		AB86A82626D3DFA900EA990A /* Setting */ = {
			isa = PBXGroup;
			children = (
				AB86A81A26D3DEFF00EA990A /* Setting.storyboard */,
				AB86A81C26D3DF0A00EA990A /* ThemeColor.storyboard */,
				AB86A81E26D3DF1900EA990A /* PrivacyAndSecurity.storyboard */,
			);
			path = Setting;
			sourceTree = "<group>";
		};
		AB86A82926D3E0F700EA990A /* Setting */ = {
			isa = PBXGroup;
			children = (
				AB86A84C26D3E39400EA990A /* SettingViewController.swift */,
				AB86A84E26D3E39B00EA990A /* ThemeColorViewController.swift */,
				AB86A85026D3E3A500EA990A /* PrivacyAndSecurityViewController.swift */,
			);
			path = Setting;
			sourceTree = "<group>";
		};
		AB86A82A26D3E0FE00EA990A /* Profile */ = {
			isa = PBXGroup;
			children = (
				AB86A84426D3E36700EA990A /* ProfileViewController.swift */,
				AB86A84626D3E37100EA990A /* FollowOrFollowerListViewController.swift */,
				AB86A84826D3E37B00EA990A /* AdditionalOrEditPetProfileViewController.swift */,
			);
			path = Profile;
			sourceTree = "<group>";
		};
		AB86A82B26D3E10F00EA990A /* Camera */ = {
			isa = PBXGroup;
			children = (
				AB86A83E26D3E34A00EA990A /* CameraViewController.swift */,
				AB86A83C26D3E33800EA990A /* ChoosableCameraOrLibraryViewController.swift */,
				AB86A84026D3E35100EA990A /* LibraryViewController.swift */,
				AB86A84226D3E35B00EA990A /* EditingPostViewController.swift */,
			);
			path = Camera;
			sourceTree = "<group>";
		};
		AB86A82C26D3E11700EA990A /* Home */ = {
			isa = PBXGroup;
			children = (
				AB86A83426D3E19300EA990A /* HomeViewController.swift */,
				755E9AC726D7933C00A17709 /* HomeContainerPostsViewController.swift */,
				AB86A83626D3E28600EA990A /* PostDetailViewController.swift */,
				AB86A83826D3E29700EA990A /* NotificationListViewController.swift */,
				AB86A83A26D3E32100EA990A /* AllNotificationListViewController.swift */,
			);
			path = Home;
			sourceTree = "<group>";
		};
		AB86A82D26D3E12100EA990A /* Login */ = {
			isa = PBXGroup;
			children = (
				AB86A82726D3E0E700EA990A /* LoginOrSignUpViewController.swift */,
				AB86A82E26D3E14A00EA990A /* LoginViewController.swift */,
				AB86A83226D3E16B00EA990A /* SignUpViewController.swift */,
				AB86A83026D3E15F00EA990A /* PasswordForgotViewController.swift */,
			);
			path = Login;
			sourceTree = "<group>";
		};
		FAD472AEDEFF089FCEBABF54 /* Frameworks */ = {
			isa = PBXGroup;
			children = (
				B9CFC73EDFE618C15173E6D8 /* Pods_PetSNS.framework */,
			);
			name = Frameworks;
			sourceTree = "<group>";
		};
/* End PBXGroup section */

/* Begin PBXNativeTarget section */
		AB86A7E226D3D76800EA990A /* PetSNS */ = {
			isa = PBXNativeTarget;
			buildConfigurationList = AB86A7F726D3D76900EA990A /* Build configuration list for PBXNativeTarget "PetSNS" */;
			buildPhases = (
				8125672B18B5E5D92B000496 /* [CP] Check Pods Manifest.lock */,
				AB86A7DF26D3D76800EA990A /* Sources */,
				AB86A7E026D3D76800EA990A /* Frameworks */,
				AB86A7E126D3D76800EA990A /* Resources */,
				7D087BFB269D9C6AD7A7FCB4 /* [CP] Embed Pods Frameworks */,
			);
			buildRules = (
			);
			dependencies = (
			);
			name = PetSNS;
			productName = PetSNS;
			productReference = AB86A7E326D3D76800EA990A /* PetSNS.app */;
			productType = "com.apple.product-type.application";
		};
/* End PBXNativeTarget section */

/* Begin PBXProject section */
		AB86A7DB26D3D76800EA990A /* Project object */ = {
			isa = PBXProject;
			attributes = {
				LastSwiftUpdateCheck = 1250;
				LastUpgradeCheck = 1250;
				TargetAttributes = {
					AB86A7E226D3D76800EA990A = {
						CreatedOnToolsVersion = 12.5.1;
					};
				};
			};
			buildConfigurationList = AB86A7DE26D3D76800EA990A /* Build configuration list for PBXProject "PetSNS" */;
			compatibilityVersion = "Xcode 9.3";
			developmentRegion = en;
			hasScannedForEncodings = 0;
			knownRegions = (
				en,
				Base,
			);
			mainGroup = AB86A7DA26D3D76800EA990A;
			productRefGroup = AB86A7E426D3D76800EA990A /* Products */;
			projectDirPath = "";
			projectRoot = "";
			targets = (
				AB86A7E226D3D76800EA990A /* PetSNS */,
			);
		};
/* End PBXProject section */

/* Begin PBXResourcesBuildPhase section */
		AB86A7E126D3D76800EA990A /* Resources */ = {
			isa = PBXResourcesBuildPhase;
			buildActionMask = 2147483647;
			files = (
				75888FBA26E8AE9800F1A545 /* OtherPetsCollectionViewCell.xib in Resources */,
				4EA5C3C626D99E1100626ADE /* HomePostTableViewCell.xib in Resources */,
				AB86A81D26D3DF0A00EA990A /* ThemeColor.storyboard in Resources */,
				AB86A81B26D3DEFF00EA990A /* Setting.storyboard in Resources */,
				AB86A80126D3DE6A00EA990A /* Login.storyboard in Resources */,
				AB86A80326D3DE8100EA990A /* PasswordForgot.storyboard in Resources */,
				AB86A81526D3DEDF00EA990A /* FollowOrFollowerList.storyboard in Resources */,
				AB86A80B26D3DEB100EA990A /* AllNotificationList.storyboard in Resources */,
				4EA5C3CE26DCB88F00626ADE /* GoogleService-Info.plist in Resources */,
				AB09946E26DA1CD800DFA7D8 /* PetConfigurationTableViewCell.xib in Resources */,
				AB86A80526D3DE9000EA990A /* SignUp.storyboard in Resources */,
				AB14B47526DBB4E5007A5F16 /* Top.storyboard in Resources */,
				AB86A81726D3DEE900EA990A /* AdditionalOrEditPetProfile.storyboard in Resources */,
				AB86A80726D3DE9900EA990A /* PostDetail.storyboard in Resources */,
				AB86A81326D3DED800EA990A /* Profile.storyboard in Resources */,
				AB86A82326D3DF7600EA990A /* Home.storyboard in Resources */,
				AB86A80D26D3DEB900EA990A /* ChoosableCameraOrLibrary.storyboard in Resources */,
				AB86A7F326D3D76900EA990A /* LaunchScreen.storyboard in Resources */,
				AB86A81126D3DECF00EA990A /* EditingPost.storyboard in Resources */,
				AB86A81F26D3DF1900EA990A /* PrivacyAndSecurity.storyboard in Resources */,
				755E9AC626D7931C00A17709 /* HomeContainerPosts.storyboard in Resources */,
				AB86A80926D3DEA600EA990A /* NotificationList.storyboard in Resources */,
				AB86A80F26D3DEC600EA990A /* Camera.storyboard in Resources */,
				AB86A7F026D3D76900EA990A /* Assets.xcassets in Resources */,
				755E9B1F26DB4F9F00A17709 /* SwitchingTableViewCell.xib in Resources */,
				755E9B2326DB527C00A17709 /* ItemTableViewCell.xib in Resources */,
				AB86A7FE26D3DE3000EA990A /* LoginOrSignUp.storyboard in Resources */,
				4EA5C3D626EB263300626ADE /* ThemeColorCollectionViewCell.xib in Resources */,
			);
			runOnlyForDeploymentPostprocessing = 0;
		};
/* End PBXResourcesBuildPhase section */

/* Begin PBXShellScriptBuildPhase section */
		7D087BFB269D9C6AD7A7FCB4 /* [CP] Embed Pods Frameworks */ = {
			isa = PBXShellScriptBuildPhase;
			buildActionMask = 2147483647;
			files = (
			);
			inputFileListPaths = (
				"${PODS_ROOT}/Target Support Files/Pods-PetSNS/Pods-PetSNS-frameworks-${CONFIGURATION}-input-files.xcfilelist",
			);
			name = "[CP] Embed Pods Frameworks";
			outputFileListPaths = (
				"${PODS_ROOT}/Target Support Files/Pods-PetSNS/Pods-PetSNS-frameworks-${CONFIGURATION}-output-files.xcfilelist",
			);
			runOnlyForDeploymentPostprocessing = 0;
			shellPath = /bin/sh;
			shellScript = "\"${PODS_ROOT}/Target Support Files/Pods-PetSNS/Pods-PetSNS-frameworks.sh\"\n";
			showEnvVarsInLog = 0;
		};
		8125672B18B5E5D92B000496 /* [CP] Check Pods Manifest.lock */ = {
			isa = PBXShellScriptBuildPhase;
			buildActionMask = 2147483647;
			files = (
			);
			inputFileListPaths = (
			);
			inputPaths = (
				"${PODS_PODFILE_DIR_PATH}/Podfile.lock",
				"${PODS_ROOT}/Manifest.lock",
			);
			name = "[CP] Check Pods Manifest.lock";
			outputFileListPaths = (
			);
			outputPaths = (
				"$(DERIVED_FILE_DIR)/Pods-PetSNS-checkManifestLockResult.txt",
			);
			runOnlyForDeploymentPostprocessing = 0;
			shellPath = /bin/sh;
			shellScript = "diff \"${PODS_PODFILE_DIR_PATH}/Podfile.lock\" \"${PODS_ROOT}/Manifest.lock\" > /dev/null\nif [ $? != 0 ] ; then\n    # print error to STDERR\n    echo \"error: The sandbox is not in sync with the Podfile.lock. Run 'pod install' or update your CocoaPods installation.\" >&2\n    exit 1\nfi\n# This output is used by Xcode 'outputs' to avoid re-running this script phase.\necho \"SUCCESS\" > \"${SCRIPT_OUTPUT_FILE_0}\"\n";
			showEnvVarsInLog = 0;
		};
/* End PBXShellScriptBuildPhase section */

/* Begin PBXSourcesBuildPhase section */
		AB86A7DF26D3D76800EA990A /* Sources */ = {
			isa = PBXSourcesBuildPhase;
			buildActionMask = 2147483647;
			files = (
				AB86A83926D3E29700EA990A /* NotificationListViewController.swift in Sources */,
				AB86A83326D3E16B00EA990A /* SignUpViewController.swift in Sources */,
				4EA5C3D526EB263300626ADE /* ThemeColorCollectionViewCell.swift in Sources */,
				75888FB926E8AE9800F1A545 /* OtherPetsCollectionViewCell.swift in Sources */,
				AB86A83726D3E28600EA990A /* PostDetailViewController.swift in Sources */,
				AB86A82F26D3E14A00EA990A /* LoginViewController.swift in Sources */,
				AB86A82826D3E0E700EA990A /* LoginOrSignUpViewController.swift in Sources */,
				755E9B2226DB527C00A17709 /* ItemTableViewCell.swift in Sources */,
				AB86A83F26D3E34A00EA990A /* CameraViewController.swift in Sources */,
				755E9AC826D7933C00A17709 /* HomeContainerPostsViewController.swift in Sources */,
				AB86A83126D3E15F00EA990A /* PasswordForgotViewController.swift in Sources */,
				AB86A7E726D3D76800EA990A /* AppDelegate.swift in Sources */,
				AB4397F926DDF46B008C8CA8 /* HUDIndicator.swift in Sources */,
				AB86A83B26D3E32100EA990A /* AllNotificationListViewController.swift in Sources */,
				AB86A85126D3E3A500EA990A /* PrivacyAndSecurityViewController.swift in Sources */,
				AB86A84F26D3E39B00EA990A /* ThemeColorViewController.swift in Sources */,
				AB4397F726DDEA56008C8CA8 /* Indicator.swift in Sources */,
				AB09946D26DA1CD800DFA7D8 /* PetConfigurationTableViewCell.swift in Sources */,
				AB14B47226DBAD2B007A5F16 /* UIViewController+Extension.swift in Sources */,
				4EA5C3D226EB124000626ADE /* ThemeColor.swift in Sources */,
				755E9B1E26DB4F9F00A17709 /* SwitchingTableViewCell.swift in Sources */,
				4EA5C3D026E20C6800626ADE /* LocalValidationChecker.swift in Sources */,
				AB86A84326D3E35B00EA990A /* EditingPostViewController.swift in Sources */,
				AB86A83526D3E19300EA990A /* HomeViewController.swift in Sources */,
				AB86A83D26D3E33800EA990A /* ChoosableCameraOrLibraryViewController.swift in Sources */,
				AB86A84726D3E37100EA990A /* FollowOrFollowerListViewController.swift in Sources */,
				4EA5C3C526D99E1100626ADE /* HomePostTableViewCell.swift in Sources */,
				AB86A84526D3E36700EA990A /* ProfileViewController.swift in Sources */,
				AB14B47926DBC59D007A5F16 /* NotificationName+Extension.swift in Sources */,
				AB86A7E926D3D76800EA990A /* SceneDelegate.swift in Sources */,
				AB14B47B26DBDAEB007A5F16 /* UserUtil.swift in Sources */,
				4EA5C3D826F242D600626ADE /* Owner.swift in Sources */,
				AB14B47726DBC08A007A5F16 /* TopTabBarController.swift in Sources */,
				AB86A84D26D3E39400EA990A /* SettingViewController.swift in Sources */,
				AB86A84126D3E35100EA990A /* LibraryViewController.swift in Sources */,
				AB86A84926D3E37B00EA990A /* AdditionalOrEditPetProfileViewController.swift in Sources */,
				AB0C76B726EE102500BF5B64 /* ChangeFrameProtocol.swift in Sources */,
			);
			runOnlyForDeploymentPostprocessing = 0;
		};
/* End PBXSourcesBuildPhase section */

/* Begin PBXVariantGroup section */
		AB86A7F126D3D76900EA990A /* LaunchScreen.storyboard */ = {
			isa = PBXVariantGroup;
			children = (
				AB86A7F226D3D76900EA990A /* Base */,
			);
			name = LaunchScreen.storyboard;
			sourceTree = "<group>";
		};
/* End PBXVariantGroup section */

/* Begin XCBuildConfiguration section */
		AB86A7F526D3D76900EA990A /* Debug */ = {
			isa = XCBuildConfiguration;
			buildSettings = {
				ALWAYS_SEARCH_USER_PATHS = NO;
				CLANG_ANALYZER_NONNULL = YES;
				CLANG_ANALYZER_NUMBER_OBJECT_CONVERSION = YES_AGGRESSIVE;
				CLANG_CXX_LANGUAGE_STANDARD = "gnu++14";
				CLANG_CXX_LIBRARY = "libc++";
				CLANG_ENABLE_MODULES = YES;
				CLANG_ENABLE_OBJC_ARC = YES;
				CLANG_ENABLE_OBJC_WEAK = YES;
				CLANG_WARN_BLOCK_CAPTURE_AUTORELEASING = YES;
				CLANG_WARN_BOOL_CONVERSION = YES;
				CLANG_WARN_COMMA = YES;
				CLANG_WARN_CONSTANT_CONVERSION = YES;
				CLANG_WARN_DEPRECATED_OBJC_IMPLEMENTATIONS = YES;
				CLANG_WARN_DIRECT_OBJC_ISA_USAGE = YES_ERROR;
				CLANG_WARN_DOCUMENTATION_COMMENTS = YES;
				CLANG_WARN_EMPTY_BODY = YES;
				CLANG_WARN_ENUM_CONVERSION = YES;
				CLANG_WARN_INFINITE_RECURSION = YES;
				CLANG_WARN_INT_CONVERSION = YES;
				CLANG_WARN_NON_LITERAL_NULL_CONVERSION = YES;
				CLANG_WARN_OBJC_IMPLICIT_RETAIN_SELF = YES;
				CLANG_WARN_OBJC_LITERAL_CONVERSION = YES;
				CLANG_WARN_OBJC_ROOT_CLASS = YES_ERROR;
				CLANG_WARN_QUOTED_INCLUDE_IN_FRAMEWORK_HEADER = YES;
				CLANG_WARN_RANGE_LOOP_ANALYSIS = YES;
				CLANG_WARN_STRICT_PROTOTYPES = YES;
				CLANG_WARN_SUSPICIOUS_MOVE = YES;
				CLANG_WARN_UNGUARDED_AVAILABILITY = YES_AGGRESSIVE;
				CLANG_WARN_UNREACHABLE_CODE = YES;
				CLANG_WARN__DUPLICATE_METHOD_MATCH = YES;
				COPY_PHASE_STRIP = NO;
				DEBUG_INFORMATION_FORMAT = dwarf;
				ENABLE_STRICT_OBJC_MSGSEND = YES;
				ENABLE_TESTABILITY = YES;
				GCC_C_LANGUAGE_STANDARD = gnu11;
				GCC_DYNAMIC_NO_PIC = NO;
				GCC_NO_COMMON_BLOCKS = YES;
				GCC_OPTIMIZATION_LEVEL = 0;
				GCC_PREPROCESSOR_DEFINITIONS = (
					"DEBUG=1",
					"$(inherited)",
				);
				GCC_WARN_64_TO_32_BIT_CONVERSION = YES;
				GCC_WARN_ABOUT_RETURN_TYPE = YES_ERROR;
				GCC_WARN_UNDECLARED_SELECTOR = YES;
				GCC_WARN_UNINITIALIZED_AUTOS = YES_AGGRESSIVE;
				GCC_WARN_UNUSED_FUNCTION = YES;
				GCC_WARN_UNUSED_VARIABLE = YES;
				IPHONEOS_DEPLOYMENT_TARGET = 14.5;
				MTL_ENABLE_DEBUG_INFO = INCLUDE_SOURCE;
				MTL_FAST_MATH = YES;
				ONLY_ACTIVE_ARCH = YES;
				SDKROOT = iphoneos;
				SWIFT_ACTIVE_COMPILATION_CONDITIONS = DEBUG;
				SWIFT_OPTIMIZATION_LEVEL = "-Onone";
			};
			name = Debug;
		};
		AB86A7F626D3D76900EA990A /* Release */ = {
			isa = XCBuildConfiguration;
			buildSettings = {
				ALWAYS_SEARCH_USER_PATHS = NO;
				CLANG_ANALYZER_NONNULL = YES;
				CLANG_ANALYZER_NUMBER_OBJECT_CONVERSION = YES_AGGRESSIVE;
				CLANG_CXX_LANGUAGE_STANDARD = "gnu++14";
				CLANG_CXX_LIBRARY = "libc++";
				CLANG_ENABLE_MODULES = YES;
				CLANG_ENABLE_OBJC_ARC = YES;
				CLANG_ENABLE_OBJC_WEAK = YES;
				CLANG_WARN_BLOCK_CAPTURE_AUTORELEASING = YES;
				CLANG_WARN_BOOL_CONVERSION = YES;
				CLANG_WARN_COMMA = YES;
				CLANG_WARN_CONSTANT_CONVERSION = YES;
				CLANG_WARN_DEPRECATED_OBJC_IMPLEMENTATIONS = YES;
				CLANG_WARN_DIRECT_OBJC_ISA_USAGE = YES_ERROR;
				CLANG_WARN_DOCUMENTATION_COMMENTS = YES;
				CLANG_WARN_EMPTY_BODY = YES;
				CLANG_WARN_ENUM_CONVERSION = YES;
				CLANG_WARN_INFINITE_RECURSION = YES;
				CLANG_WARN_INT_CONVERSION = YES;
				CLANG_WARN_NON_LITERAL_NULL_CONVERSION = YES;
				CLANG_WARN_OBJC_IMPLICIT_RETAIN_SELF = YES;
				CLANG_WARN_OBJC_LITERAL_CONVERSION = YES;
				CLANG_WARN_OBJC_ROOT_CLASS = YES_ERROR;
				CLANG_WARN_QUOTED_INCLUDE_IN_FRAMEWORK_HEADER = YES;
				CLANG_WARN_RANGE_LOOP_ANALYSIS = YES;
				CLANG_WARN_STRICT_PROTOTYPES = YES;
				CLANG_WARN_SUSPICIOUS_MOVE = YES;
				CLANG_WARN_UNGUARDED_AVAILABILITY = YES_AGGRESSIVE;
				CLANG_WARN_UNREACHABLE_CODE = YES;
				CLANG_WARN__DUPLICATE_METHOD_MATCH = YES;
				COPY_PHASE_STRIP = NO;
				DEBUG_INFORMATION_FORMAT = "dwarf-with-dsym";
				ENABLE_NS_ASSERTIONS = NO;
				ENABLE_STRICT_OBJC_MSGSEND = YES;
				GCC_C_LANGUAGE_STANDARD = gnu11;
				GCC_NO_COMMON_BLOCKS = YES;
				GCC_WARN_64_TO_32_BIT_CONVERSION = YES;
				GCC_WARN_ABOUT_RETURN_TYPE = YES_ERROR;
				GCC_WARN_UNDECLARED_SELECTOR = YES;
				GCC_WARN_UNINITIALIZED_AUTOS = YES_AGGRESSIVE;
				GCC_WARN_UNUSED_FUNCTION = YES;
				GCC_WARN_UNUSED_VARIABLE = YES;
				IPHONEOS_DEPLOYMENT_TARGET = 14.5;
				MTL_ENABLE_DEBUG_INFO = NO;
				MTL_FAST_MATH = YES;
				SDKROOT = iphoneos;
				SWIFT_COMPILATION_MODE = wholemodule;
				SWIFT_OPTIMIZATION_LEVEL = "-O";
				VALIDATE_PRODUCT = YES;
			};
			name = Release;
		};
		AB86A7F826D3D76900EA990A /* Debug */ = {
			isa = XCBuildConfiguration;
			baseConfigurationReference = 4565DEEFE3CE56F67196FA0D /* Pods-PetSNS.debug.xcconfig */;
			buildSettings = {
				ASSETCATALOG_COMPILER_APPICON_NAME = AppIcon;
				ASSETCATALOG_COMPILER_GLOBAL_ACCENT_COLOR_NAME = AccentColor;
				CODE_SIGN_STYLE = Automatic;
				DEVELOPMENT_TEAM = 242KS3V77L;
				INFOPLIST_FILE = PetSNS/Info.plist;
				IPHONEOS_DEPLOYMENT_TARGET = 13.0;
				LD_RUNPATH_SEARCH_PATHS = (
					"$(inherited)",
					"@executable_path/Frameworks",
				);
				PRODUCT_BUNDLE_IDENTIFIER = oonishireon.PetSNS;
				PRODUCT_NAME = "$(TARGET_NAME)";
				SWIFT_VERSION = 5.0;
				TARGETED_DEVICE_FAMILY = 1;
			};
			name = Debug;
		};
		AB86A7F926D3D76900EA990A /* Release */ = {
			isa = XCBuildConfiguration;
			baseConfigurationReference = 8462CE25D20020CDE15C0FC5 /* Pods-PetSNS.release.xcconfig */;
			buildSettings = {
				ASSETCATALOG_COMPILER_APPICON_NAME = AppIcon;
				ASSETCATALOG_COMPILER_GLOBAL_ACCENT_COLOR_NAME = AccentColor;
				CODE_SIGN_STYLE = Automatic;
				DEVELOPMENT_TEAM = 242KS3V77L;
				INFOPLIST_FILE = PetSNS/Info.plist;
				IPHONEOS_DEPLOYMENT_TARGET = 13.0;
				LD_RUNPATH_SEARCH_PATHS = (
					"$(inherited)",
					"@executable_path/Frameworks",
				);
				PRODUCT_BUNDLE_IDENTIFIER = oonishireon.PetSNS;
				PRODUCT_NAME = "$(TARGET_NAME)";
				SWIFT_VERSION = 5.0;
				TARGETED_DEVICE_FAMILY = 1;
			};
			name = Release;
		};
/* End XCBuildConfiguration section */

/* Begin XCConfigurationList section */
		AB86A7DE26D3D76800EA990A /* Build configuration list for PBXProject "PetSNS" */ = {
			isa = XCConfigurationList;
			buildConfigurations = (
				AB86A7F526D3D76900EA990A /* Debug */,
				AB86A7F626D3D76900EA990A /* Release */,
			);
			defaultConfigurationIsVisible = 0;
			defaultConfigurationName = Release;
		};
		AB86A7F726D3D76900EA990A /* Build configuration list for PBXNativeTarget "PetSNS" */ = {
			isa = XCConfigurationList;
			buildConfigurations = (
				AB86A7F826D3D76900EA990A /* Debug */,
				AB86A7F926D3D76900EA990A /* Release */,
			);
			defaultConfigurationIsVisible = 0;
			defaultConfigurationName = Release;
		};
/* End XCConfigurationList section */
	};
	rootObject = AB86A7DB26D3D76800EA990A /* Project object */;
}
